
Microsoft Visual Studio Solution File, Format Version 12.00
# Visual Studio Version 17
VisualStudioVersion = 17.8.34511.84
MinimumVisualStudioVersion = 10.0.40219.1
Project("{9A19103F-16F7-4668-BE54-9A1E7A4F7556}") = "Orders.Backend", "Orders.Backend\Orders.Backend.csproj", "{CCB03A2D-C9E7-4C65-86FC-362E19C21E43}"
EndProject
Project("{9A19103F-16F7-4668-BE54-9A1E7A4F7556}") = "Orders.Frontend", "Orders.Frontend\Orders.Frontend.csproj", "{76EE8B75-BF6E-4F8E-97E1-85B422C278A5}"
EndProject
Project("{9A19103F-16F7-4668-BE54-9A1E7A4F7556}") = "Orders.Shared", "Orders.Shared\Orders.Shared.csproj", "{7A1CE9D5-DC4D-4893-B309-F434B29EBFD7}"
EndProject
Project("{9A19103F-16F7-4668-BE54-9A1E7A4F7556}") = "Orders.Tests", "Orders.Tests\Orders.Tests.csproj", "{78593306-BEBF-48E3-9628-A81705CC3FD2}"
EndProject
Global
	GlobalSection(SolutionConfigurationPlatforms) = preSolution
		Debug|Any CPU = Debug|Any CPU
		Release|Any CPU = Release|Any CPU
	EndGlobalSection
	GlobalSection(ProjectConfigurationPlatforms) = postSolution
		{CCB03A2D-C9E7-4C65-86FC-362E19C21E43}.Debug|Any CPU.ActiveCfg = Debug|Any CPU
		{CCB03A2D-C9E7-4C65-86FC-362E19C21E43}.Debug|Any CPU.Build.0 = Debug|Any CPU
		{CCB03A2D-C9E7-4C65-86FC-362E19C21E43}.Release|Any CPU.ActiveCfg = Release|Any CPU
		{CCB03A2D-C9E7-4C65-86FC-362E19C21E43}.Release|Any CPU.Build.0 = Release|Any CPU
		{76EE8B75-BF6E-4F8E-97E1-85B422C278A5}.Debug|Any CPU.ActiveCfg = Debug|Any CPU
		{76EE8B75-BF6E-4F8E-97E1-85B422C278A5}.Debug|Any CPU.Build.0 = Debug|Any CPU
		{76EE8B75-BF6E-4F8E-97E1-85B422C278A5}.Release|Any CPU.ActiveCfg = Release|Any CPU
		{76EE8B75-BF6E-4F8E-97E1-85B422C278A5}.Release|Any CPU.Build.0 = Release|Any CPU
		{7A1CE9D5-DC4D-4893-B309-F434B29EBFD7}.Debug|Any CPU.ActiveCfg = Debug|Any CPU
		{7A1CE9D5-DC4D-4893-B309-F434B29EBFD7}.Debug|Any CPU.Build.0 = Debug|Any CPU
		{7A1CE9D5-DC4D-4893-B309-F434B29EBFD7}.Release|Any CPU.ActiveCfg = Release|Any CPU
		{7A1CE9D5-DC4D-4893-B309-F434B29EBFD7}.Release|Any CPU.Build.0 = Release|Any CPU
		{78593306-BEBF-48E3-9628-A81705CC3FD2}.Debug|Any CPU.ActiveCfg = Debug|Any CPU
		{78593306-BEBF-48E3-9628-A81705CC3FD2}.Debug|Any CPU.Build.0 = Debug|Any CPU
		{78593306-BEBF-48E3-9628-A81705CC3FD2}.Release|Any CPU.ActiveCfg = Release|Any CPU
		{78593306-BEBF-48E3-9628-A81705CC3FD2}.Release|Any CPU.Build.0 = Release|Any CPU
	EndGlobalSection
	GlobalSection(SolutionProperties) = preSolution
		HideSolutionNode = FALSE
	EndGlobalSection
	GlobalSection(ExtensibilityGlobals) = postSolution
		SolutionGuid = {90B44D52-E7CB-4333-BB02-5EE67964B0B8}
	EndGlobalSection
EndGlobal
